{
  "pins" : [
    {
      "identity" : "grovs-ios",
      "kind" : "remoteSourceControl",
      "location" : "https://github.com/grovs-io/grovs-iOS.git",
      "state" : {
        "revision" : "25cfbbf03624e632c11f3d33e75c04f94f723ac4",
        "version" : "2.3.0"
      }
    }
  ],
  "version" : 2
}
